github.com/gloo-foo/framework v0.0.1 h1:RCI+rT/SSY51R3qGLz8u6zjt113dny7Yf2ZM6+MhqHE=
github.com/gloo-foo/framework v0.0.1/go.mod h1:p9P7iz84iZ4+c7BoOrVcKl7yuWVZ79eaCmWkM44FJ4c=
github.com/gloo-foo/framework v0.0.3 h1:1ZmonNQ0ftuIrDEQ2G/mfY4qcODLyECI71UxtEgo1Fw=
github.com/gloo-foo/framework v0.0.3/go.mod h1:p9P7iz84iZ4+c7BoOrVcKl7yuWVZ79eaCmWkM44FJ4c=
github.com/yupsh/yes v0.0.2 h1:zyQ+J84rGWMMeB3lP9M/ovH2dVV2nNV4uCYDp6DWPu0=
github.com/yupsh/yes v0.0.2/go.mod h1:+LIaJpip7/DQwAhkBo86cRkN6XZ02qJzTrT7eJEEkM8=
github.com/yupsh/yes v0.0.3 h1:DX4kxGYlcy8dl0G35xLKRH6+TAbqwW/35SZmtt7Ot4E=
github.com/yupsh/yes v0.0.3/go.mod h1:+LIaJpip7/DQwAhkBo86cRkN6XZ02qJzTrT7eJEEkM8=
